Microsoft Visual Studio Solution File, Format Version 12.00
# Visual Studio Version 17
VisualStudioVersion = 17.5.2.0
MinimumVisualStudioVersion = 10.0.40219.1
Project("{FAE04EC0-301F-11D3-BF4B-00C04F79EFBC}") = "ShovelMonkeys.TheProfessor", "ShovelMonkeys.TheProfessor.csproj", "{037A1E95-EC21-E255-23CA-88F80AFE20BC}"
EndProject
Global
	GlobalSection(SolutionConfigurationPlatforms) = preSolution
		Debug|Any CPU = Debug|Any CPU
		Release|Any CPU = Release|Any CPU
	EndGlobalSection
	GlobalSection(ProjectConfigurationPlatforms) = postSolution
		{037A1E95-EC21-E255-23CA-88F80AFE20BC}.Debug|Any CPU.ActiveCfg = Debug|Any CPU
		{037A1E95-EC21-E255-23CA-88F80AFE20BC}.Debug|Any CPU.Build.0 = Debug|Any CPU
		{037A1E95-EC21-E255-23CA-88F80AFE20BC}.Release|Any CPU.ActiveCfg = Release|Any CPU
		{037A1E95-EC21-E255-23CA-88F80AFE20BC}.Release|Any CPU.Build.0 = Release|Any CPU
	EndGlobalSection
	GlobalSection(SolutionProperties) = preSolution
		HideSolutionNode = FALSE
	EndGlobalSection
	GlobalSection(ExtensibilityGlobals) = postSolution
		SolutionGuid = {A5B8DF93-AB06-4280-A282-A74DDFDE011E}
	EndGlobalSection
EndGlobal
